PODS:
  - SharpHighlighter (0.0.1):
    - SharpHighlighter/Core (= 0.0.1)
    - SharpHighlighter/Exception (= 0.0.1)
    - SharpHighlighter/Renderer (= 0.0.1)
    - SharpHighlighter/Theme (= 0.0.1)
  - SharpHighlighter/Core (0.0.1)
  - SharpHighlighter/Exception (0.0.1)
  - SharpHighlighter/Renderer (0.0.1)
  - SharpHighlighter/Theme (0.0.1)

DEPENDENCIES:
  - SharpHighlighter (from `../`)

EXTERNAL SOURCES:
  SharpHighlighter:
    :path: ../

SPEC CHECKSUMS:
  SharpHighlighter: 9316a3bd4ba31ff3e0ea364ba0530b10cdf86367

COCOAPODS: 0.35.0
